
Microsoft Visual Studio Solution File, Format Version 12.00
# Visual Studio Version 17
VisualStudioVersion = 17.14.36414.22
MinimumVisualStudioVersion = 10.0.40219.1
Project("{2150E333-8FDC-42A3-9474-1A3956D46DE8}") = "src", "src", "{02EA681E-C7D8-13C7-8484-4AC65E1B71E8}"
EndProject
Project("{FAE04EC0-301F-11D3-BF4B-00C04F79EFBC}") = "ERP-API.Web", "ERP-API.Web\ERP-API.Web.csproj", "{5EA90907-00C4-4BFA-8680-13E8FF580001}"
EndProject
Project("{FAE04EC0-301F-11D3-BF4B-00C04F79EFBC}") = "ERP-API.Application", "ERP-API.Application\ERP-API.Application.csproj", "{43EE29C2-6A90-4F18-9D68-07D88E7B5280}"
EndProject
Project("{FAE04EC0-301F-11D3-BF4B-00C04F79EFBC}") = "ERP-API.Domain", "ERP-API.Domain\ERP-API.Domain.csproj", "{1D987F4F-6490-4405-AD88-A49310F4BB4C}"
EndProject
Project("{FAE04EC0-301F-11D3-BF4B-00C04F79EFBC}") = "ERP-API.Infrastucture", "ERP-API.Infrastucture\ERP-API.Infrastucture.csproj", "{C91FA608-4A29-4813-B178-7FD34883C6F0}"
EndProject
Global
	GlobalSection(SolutionConfigurationPlatforms) = preSolution
		Debug|Any CPU = Debug|Any CPU
		Release|Any CPU = Release|Any CPU
	EndGlobalSection
	GlobalSection(ProjectConfigurationPlatforms) = postSolution
		{5EA90907-00C4-4BFA-8680-13E8FF580001}.Debug|Any CPU.ActiveCfg = Debug|Any CPU
		{5EA90907-00C4-4BFA-8680-13E8FF580001}.Debug|Any CPU.Build.0 = Debug|Any CPU
		{5EA90907-00C4-4BFA-8680-13E8FF580001}.Release|Any CPU.ActiveCfg = Release|Any CPU
		{5EA90907-00C4-4BFA-8680-13E8FF580001}.Release|Any CPU.Build.0 = Release|Any CPU
		{43EE29C2-6A90-4F18-9D68-07D88E7B5280}.Debug|Any CPU.ActiveCfg = Debug|Any CPU
		{43EE29C2-6A90-4F18-9D68-07D88E7B5280}.Debug|Any CPU.Build.0 = Debug|Any CPU
		{43EE29C2-6A90-4F18-9D68-07D88E7B5280}.Release|Any CPU.ActiveCfg = Release|Any CPU
		{43EE29C2-6A90-4F18-9D68-07D88E7B5280}.Release|Any CPU.Build.0 = Release|Any CPU
		{1D987F4F-6490-4405-AD88-A49310F4BB4C}.Debug|Any CPU.ActiveCfg = Debug|Any CPU
		{1D987F4F-6490-4405-AD88-A49310F4BB4C}.Debug|Any CPU.Build.0 = Debug|Any CPU
		{1D987F4F-6490-4405-AD88-A49310F4BB4C}.Release|Any CPU.ActiveCfg = Release|Any CPU
		{1D987F4F-6490-4405-AD88-A49310F4BB4C}.Release|Any CPU.Build.0 = Release|Any CPU
		{C91FA608-4A29-4813-B178-7FD34883C6F0}.Debug|Any CPU.ActiveCfg = Debug|Any CPU
		{C91FA608-4A29-4813-B178-7FD34883C6F0}.Debug|Any CPU.Build.0 = Debug|Any CPU
		{C91FA608-4A29-4813-B178-7FD34883C6F0}.Release|Any CPU.ActiveCfg = Release|Any CPU
		{C91FA608-4A29-4813-B178-7FD34883C6F0}.Release|Any CPU.Build.0 = Release|Any CPU
	EndGlobalSection
	GlobalSection(SolutionProperties) = preSolution
		HideSolutionNode = FALSE
	EndGlobalSection
	GlobalSection(NestedProjects) = preSolution
		{5EA90907-00C4-4BFA-8680-13E8FF580001} = {02EA681E-C7D8-13C7-8484-4AC65E1B71E8}
		{43EE29C2-6A90-4F18-9D68-07D88E7B5280} = {02EA681E-C7D8-13C7-8484-4AC65E1B71E8}
		{1D987F4F-6490-4405-AD88-A49310F4BB4C} = {02EA681E-C7D8-13C7-8484-4AC65E1B71E8}
		{C91FA608-4A29-4813-B178-7FD34883C6F0} = {02EA681E-C7D8-13C7-8484-4AC65E1B71E8}
	EndGlobalSection
	GlobalSection(ExtensibilityGlobals) = postSolution
		SolutionGuid = {DBDBD604-21B7-44AF-BC2D-56ACD300B686}
	EndGlobalSection
EndGlobal
